Microsoft Visual Studio Solution File, Format Version 12.00
# Visual Studio Version 17
VisualStudioVersion = 17.0.31903.59
MinimumVisualStudioVersion = 10.0.40219.1
Project("{9A19103F-16F7-4668-BE54-9A1E7A4F7556}") = "Cclear.Core", "src\Cclear.Core\Cclear.Core.csproj", "{3F2A9B41-7C6D-4E58-9A1B-52D0E8F4C7A3}"
EndProject
Project("{9A19103F-16F7-4668-BE54-9A1E7A4F7556}") = "Cclear.App", "src\Cclear.App\Cclear.App.csproj", "{8E4D6C2F-1B39-4F7A-B5C8-D92E6A0F3B14}"
EndProject
Project("{9A19103F-16F7-4668-BE54-9A1E7A4F7556}") = "Cclear.Core.Tests", "tests\Cclear.Core.Tests\Cclear.Core.Tests.csproj", "{B7C9E2D4-5A6F-4C3B-8D1E-90F4A6B2C7E5}"
EndProject
Global
	GlobalSection(SolutionConfigurationPlatforms) = preSolution
		Debug|Any CPU = Debug|Any CPU
		Release|Any CPU = Release|Any CPU
	EndGlobalSection
	GlobalSection(ProjectConfigurationPlatforms) = postSolution
		{3F2A9B41-7C6D-4E58-9A1B-52D0E8F4C7A3}.Debug|Any CPU.ActiveCfg = Debug|Any CPU
		{3F2A9B41-7C6D-4E58-9A1B-52D0E8F4C7A3}.Debug|Any CPU.Build.0 = Debug|Any CPU
		{3F2A9B41-7C6D-4E58-9A1B-52D0E8F4C7A3}.Release|Any CPU.ActiveCfg = Release|Any CPU
		{3F2A9B41-7C6D-4E58-9A1B-52D0E8F4C7A3}.Release|Any CPU.Build.0 = Release|Any CPU
		{8E4D6C2F-1B39-4F7A-B5C8-D92E6A0F3B14}.Debug|Any CPU.ActiveCfg = Debug|Any CPU
		{8E4D6C2F-1B39-4F7A-B5C8-D92E6A0F3B14}.Debug|Any CPU.Build.0 = Debug|Any CPU
		{8E4D6C2F-1B39-4F7A-B5C8-D92E6A0F3B14}.Release|Any CPU.ActiveCfg = Release|Any CPU
		{8E4D6C2F-1B39-4F7A-B5C8-D92E6A0F3B14}.Release|Any CPU.Build.0 = Release|Any CPU
		{B7C9E2D4-5A6F-4C3B-8D1E-90F4A6B2C7E5}.Debug|Any CPU.ActiveCfg = Debug|Any CPU
		{B7C9E2D4-5A6F-4C3B-8D1E-90F4A6B2C7E5}.Debug|Any CPU.Build.0 = Debug|Any CPU
		{B7C9E2D4-5A6F-4C3B-8D1E-90F4A6B2C7E5}.Release|Any CPU.ActiveCfg = Release|Any CPU
		{B7C9E2D4-5A6F-4C3B-8D1E-90F4A6B2C7E5}.Release|Any CPU.Build.0 = Release|Any CPU
	EndGlobalSection
	GlobalSection(SolutionProperties) = preSolution
		HideSolutionNode = FALSE
	EndGlobalSection
EndGlobal
